
Microsoft Visual Studio Solution File, Format Version 12.00
# Visual Studio 15
VisualStudioVersion = 15.0.27703.2035
MinimumVisualStudioVersion = 10.0.40219.1
Project("{FAE04EC0-301F-11D3-BF4B-00C04F79EFBC}") = "ValidID", "ValidID\ValidID.csproj", "{2C026FC1-406A-44CA-AA4D-BCE7EB32D9F9}"
EndProject
Global
	GlobalSection(SolutionConfigurationPlatforms) = preSolution
		Debug|Any CPU = Debug|Any CPU
		Release|Any CPU = Release|Any CPU
	EndGlobalSection
	GlobalSection(ProjectConfigurationPlatforms) = postSolution
		{2C026FC1-406A-44CA-AA4D-BCE7EB32D9F9}.Debug|Any CPU.ActiveCfg = Debug|Any CPU
		{2C026FC1-406A-44CA-AA4D-BCE7EB32D9F9}.Debug|Any CPU.Build.0 = Debug|Any CPU
		{2C026FC1-406A-44CA-AA4D-BCE7EB32D9F9}.Release|Any CPU.ActiveCfg = Release|Any CPU
		{2C026FC1-406A-44CA-AA4D-BCE7EB32D9F9}.Release|Any CPU.Build.0 = Release|Any CPU
	EndGlobalSection
	GlobalSection(SolutionProperties) = preSolution
		HideSolutionNode = FALSE
	EndGlobalSection
	GlobalSection(ExtensibilityGlobals) = postSolution
		SolutionGuid = {EF9C3E86-E53F-4FDF-BC27-36E33DAEB23C}
	EndGlobalSection
EndGlobal
